{
  "version": 4,
  "terraform_version": "1.3.5",
  "serial": 4,
  "lineage": "25dab683-7e2b-354f-aee8-1ce69630fd14",
  "outputs": {},
  "resources": [
    {
      "mode": "managed",
      "type": "azurerm_dns_a_record",
      "name": "root",
      "provider": "provider[\"registry.terraform.io/hashicorp/azurerm\"]",
      "instances": [
        {
          "schema_version": 1,
          "attributes": {
            "fqdn": "vscgravity.com.",
            "id": "/subscriptions/0b82fbdb-6383-4125-a4f0-a493b3236552/resourceGroups/GravityBinaryRG/providers/Microsoft.Network/dnsZones/vscgravity.com/A/@",
            "name": "@",
            "records": [
              "70.125.56.109"
            ],
            "resource_group_name": "GravityBinaryRG",
            "tags": {},
            "target_resource_id": "",
            "timeouts": null,
            "ttl": 3600,
            "zone_name": "vscgravity.com"
          },
          "sensitive_attributes": [],
          "private": "eyJlMmJmYjczMC1lY2FhLTExZTYtOGY4OC0zNDM2M2JjN2M0YzAiOnsiY3JlYXRlIjoxODAwMDAwMDAwMDAwLCJkZWxldGUiOjE4MDAwMDAwMDAwMDAsInJlYWQiOjMwMDAwMDAwMDAwMCwidXBkYXRlIjoxODAwMDAwMDAwMDAwfSwic2NoZW1hX3ZlcnNpb24iOiIxIn0="
        }
      ]
    },
    {
      "mode": "managed",
      "type": "azurerm_dns_txt_record",
      "name": "practice",
      "provider": "provider[\"registry.terraform.io/hashicorp/azurerm\"]",
      "instances": [
        {
          "schema_version": 1,
          "attributes": {
            "fqdn": "practice.vscgravity.com.",
            "id": "/subscriptions/0b82fbdb-6383-4125-a4f0-a493b3236552/resourceGroups/GravityBinaryRG/providers/Microsoft.Network/dnsZones/vscgravity.com/TXT/practice",
            "name": "practice",
            "record": [
              {
                "value": "apply-test"
              }
            ],
            "resource_group_name": "GravityBinaryRG",
            "tags": null,
            "timeouts": null,
            "ttl": 300,
            "zone_name": "vscgravity.com"
          },
          "sensitive_attributes": [],
          "private": "eyJlMmJmYjczMC1lY2FhLTExZTYtOGY4OC0zNDM2M2JjN2M0YzAiOnsiY3JlYXRlIjoxODAwMDAwMDAwMDAwLCJkZWxldGUiOjE4MDAwMDAwMDAwMDAsInJlYWQiOjMwMDAwMDAwMDAwMCwidXBkYXRlIjoxODAwMDAwMDAwMDAwfSwic2NoZW1hX3ZlcnNpb24iOiIxIn0="
        }
      ]
    }
  ],
  "check_results": null
}
